// !$*UTF8*$!
{
	archiveVersion = 1;
	classes = {
	};
	objectVersion = 50;
	objects = {

/* Begin PBXBuildFile section */
		342B0EB125F24C8F009EF321 /* AppDelegate.swift in Sources */ = {isa = PBXBuildFile; fileRef = 342B0EB025F24C8F009EF321 /* AppDelegate.swift */; };
		342B0EB325F24C8F009EF321 /* SceneDelegate.swift in Sources */ = {isa = PBXBuildFile; fileRef = 342B0EB225F24C8F009EF321 /* SceneDelegate.swift */; };
		342B0EB525F24C8F009EF321 /* ViewController.swift in Sources */ = {isa = PBXBuildFile; fileRef = 342B0EB425F24C8F009EF321 /* ViewController.swift */; };
		342B0EB825F24C8F009EF321 /* Main.storyboard in Resources */ = {isa = PBXBuildFile; fileRef = 342B0EB625F24C8F009EF321 /* Main.storyboard */; };
		342B0EBA25F24C8F009EF321 /* Assets.xcassets in Resources */ = {isa = PBXBuildFile; fileRef = 342B0EB925F24C8F009EF321 /* Assets.xcassets */; };
		342B0EBD25F24C8F009EF321 /* LaunchScreen.storyboard in Resources */ = {isa = PBXBuildFile; fileRef = 342B0EBB25F24C8F009EF321 /* LaunchScreen.storyboard */; };
		34DCCEC425F654F70000E744 /* PokemonViewController.swift in Sources */ = {isa = PBXBuildFile; fileRef = 34DCCEC325F654F70000E744 /* PokemonViewController.swift */; };
		D8D669E225F7E75B0077203C /* Pokemon.swift in Sources */ = {isa = PBXBuildFile; fileRef = D8D669E125F7E75B0077203C /* Pokemon.swift */; };
		D8E76CFA25F580460082FF98 /* pokemonmusic.mp3 in Resources */ = {isa = PBXBuildFile; fileRef = D8E76CF925F580460082FF98 /* pokemonmusic.mp3 */; };
/* End PBXBuildFile section */

/* Begin PBXFileReference section */
		342B0EAD25F24C8F009EF321 /* pokemonHelper.app */ = {isa = PBXFileReference; explicitFileType = wrapper.application; includeInIndex = 0; path = pokemonHelper.app; sourceTree = BUILT_PRODUCTS_DIR; };
		342B0EB025F24C8F009EF321 /* AppDelegate.swift */ = {isa = PBXFileReference; lastKnownFileType = sourcecode.swift; path = AppDelegate.swift; sourceTree = "<group>"; };
		342B0EB225F24C8F009EF321 /* SceneDelegate.swift */ = {isa = PBXFileReference; lastKnownFileType = sourcecode.swift; path = SceneDelegate.swift; sourceTree = "<group>"; };
		342B0EB425F24C8F009EF321 /* ViewController.swift */ = {isa = PBXFileReference; lastKnownFileType = sourcecode.swift; path = ViewController.swift; sourceTree = "<group>"; };
		342B0EB725F24C8F009EF321 /* Base */ = {isa = PBXFileReference; lastKnownFileType = file.storyboard; name = Base; path = Base.lproj/Main.storyboard; sourceTree = "<group>"; };
		342B0EB925F24C8F009EF321 /* Assets.xcassets */ = {isa = PBXFileReference; lastKnownFileType = folder.assetcatalog; path = Assets.xcassets; sourceTree = "<group>"; };
		342B0EBC25F24C8F009EF321 /* Base */ = {isa = PBXFileReference; lastKnownFileType = file.storyboard; name = Base; path = Base.lproj/LaunchScreen.storyboard; sourceTree = "<group>"; };
		342B0EBE25F24C8F009EF321 /* Info.plist */ = {isa = PBXFileReference; lastKnownFileType = text.plist.xml; path = Info.plist; sourceTree = "<group>"; };
		34DCCEC325F654F70000E744 /* PokemonViewController.swift */ = {isa = PBXFileReference; lastKnownFileType = sourcecode.swift; path = PokemonViewController.swift; sourceTree = "<group>"; };
		D8D669E125F7E75B0077203C /* Pokemon.swift */ = {isa = PBXFileReference; lastKnownFileType = sourcecode.swift; path = Pokemon.swift; sourceTree = "<group>"; };
		D8E76CF925F580460082FF98 /* pokemonmusic.mp3 */ = {isa = PBXFileReference; lastKnownFileType = audio.mp3; path = pokemonmusic.mp3; sourceTree = "<group>"; };
/* End PBXFileReference section */

/* Begin PBXFrameworksBuildPhase section */
		342B0EAA25F24C8F009EF321 /* Frameworks */ = {
			isa = PBXFrameworksBuildPhase;
			buildActionMask = 2147483647;
			files = (
			);
			runOnlyForDeploymentPostprocessing = 0;
		};
/* End PBXFrameworksBuildPhase section */

/* Begin PBXGroup section */
		342B0EA425F24C8F009EF321 = {
			isa = PBXGroup;
			children = (
				342B0EAF25F24C8F009EF321 /* pokemonHelper */,
				D8E76CEE25F573660082FF98 /* Music */,
				342B0EAE25F24C8F009EF321 /* Products */,
			);
			sourceTree = "<group>";
		};
		342B0EAE25F24C8F009EF321 /* Products */ = {
			isa = PBXGroup;
			children = (
				342B0EAD25F24C8F009EF321 /* pokemonHelper.app */,
			);
			name = Products;
			sourceTree = "<group>";
		};
		342B0EAF25F24C8F009EF321 /* pokemonHelper */ = {
			isa = PBXGroup;
			children = (
				D8D669E525F7E77C0077203C /* Controllers */,
				D8D669E425F7E76A0077203C /* Models */,
				342B0EB025F24C8F009EF321 /* AppDelegate.swift */,
				342B0EB225F24C8F009EF321 /* SceneDelegate.swift */,
				342B0EB625F24C8F009EF321 /* Main.storyboard */,
				342B0EB925F24C8F009EF321 /* Assets.xcassets */,
				342B0EBB25F24C8F009EF321 /* LaunchScreen.storyboard */,
				342B0EBE25F24C8F009EF321 /* Info.plist */,
			);
			path = pokemonHelper;
			sourceTree = "<group>";
		};
		D8D669E425F7E76A0077203C /* Models */ = {
			isa = PBXGroup;
			children = (
				D8D669E125F7E75B0077203C /* Pokemon.swift */,
			);
			path = Models;
			sourceTree = "<group>";
		};
		D8D669E525F7E77C0077203C /* Controllers */ = {
			isa = PBXGroup;
			children = (
				342B0EB425F24C8F009EF321 /* ViewController.swift */,
				34DCCEC325F654F70000E744 /* PokemonViewController.swift */,
			);
			path = Controllers;
			sourceTree = "<group>";
		};
		D8E76CEE25F573660082FF98 /* Music */ = {
			isa = PBXGroup;
			children = (
				D8E76CF925F580460082FF98 /* pokemonmusic.mp3 */,
			);
			path = Music;
			sourceTree = "<group>";
		};
/* End PBXGroup section */

/* Begin PBXNativeTarget section */
		342B0EAC25F24C8F009EF321 /* pokemonHelper */ = {
			isa = PBXNativeTarget;
			buildConfigurationList = 342B0EC125F24C8F009EF321 /* Build configuration list for PBXNativeTarget "pokemonHelper" */;
			buildPhases = (
				342B0EA925F24C8F009EF321 /* Sources */,
				342B0EAA25F24C8F009EF321 /* Frameworks */,
				342B0EAB25F24C8F009EF321 /* Resources */,
			);
			buildRules = (
			);
			dependencies = (
			);
			name = pokemonHelper;
			productName = pokemonHelper;
			productReference = 342B0EAD25F24C8F009EF321 /* pokemonHelper.app */;
			productType = "com.apple.product-type.application";
		};
/* End PBXNativeTarget section */

/* Begin PBXProject section */
		342B0EA525F24C8F009EF321 /* Project object */ = {
			isa = PBXProject;
			attributes = {
				LastSwiftUpdateCheck = 1240;
				LastUpgradeCheck = 1240;
				TargetAttributes = {
					342B0EAC25F24C8F009EF321 = {
						CreatedOnToolsVersion = 12.4;
					};
				};
			};
			buildConfigurationList = 342B0EA825F24C8F009EF321 /* Build configuration list for PBXProject "pokemonHelper" */;
			compatibilityVersion = "Xcode 9.3";
			developmentRegion = en;
			hasScannedForEncodings = 0;
			knownRegions = (
				en,
				Base,
			);
			mainGroup = 342B0EA425F24C8F009EF321;
			productRefGroup = 342B0EAE25F24C8F009EF321 /* Products */;
			projectDirPath = "";
			projectRoot = "";
			targets = (
				342B0EAC25F24C8F009EF321 /* pokemonHelper */,
			);
		};
/* End PBXProject section */

/* Begin PBXResourcesBuildPhase section */
		342B0EAB25F24C8F009EF321 /* Resources */ = {
			isa = PBXResourcesBuildPhase;
			buildActionMask = 2147483647;
			files = (
				D8E76CFA25F580460082FF98 /* pokemonmusic.mp3 in Resources */,
				342B0EBD25F24C8F009EF321 /* LaunchScreen.storyboard in Resources */,
				342B0EBA25F24C8F009EF321 /* Assets.xcassets in Resources */,
				342B0EB825F24C8F009EF321 /* Main.storyboard in Resources */,
			);
			runOnlyForDeploymentPostprocessing = 0;
		};
/* End PBXResourcesBuildPhase section */

/* Begin PBXSourcesBuildPhase section */
		342B0EA925F24C8F009EF321 /* Sources */ = {
			isa = PBXSourcesBuildPhase;
			buildActionMask = 2147483647;
			files = (
				D8D669E225F7E75B0077203C /* Pokemon.swift in Sources */,
				342B0EB525F24C8F009EF321 /* ViewController.swift in Sources */,
				342B0EB125F24C8F009EF321 /* AppDelegate.swift in Sources */,
				34DCCEC425F654F70000E744 /* PokemonViewController.swift in Sources */,
				342B0EB325F24C8F009EF321 /* SceneDelegate.swift in Sources */,
			);
			runOnlyForDeploymentPostprocessing = 0;
		};
/* End PBXSourcesBuildPhase section */

/* Begin PBXVariantGroup section */
		342B0EB625F24C8F009EF321 /* Main.storyboard */ = {
			isa = PBXVariantGroup;
			children = (
				342B0EB725F24C8F009EF321 /* Base */,
			);
			name = Main.storyboard;
			sourceTree = "<group>";
		};
		342B0EBB25F24C8F009EF321 /* LaunchScreen.storyboard */ = {
			isa = PBXVariantGroup;
			children = (
				342B0EBC25F24C8F009EF321 /* Base */,
			);
			name = LaunchScreen.storyboard;
			sourceTree = "<group>";
		};
/* End PBXVariantGroup section */

/* Begin XCBuildConfiguration section */
		342B0EBF25F24C8F009EF321 /* Debug */ = {
			isa = XCBuildConfiguration;
			buildSettings = {
				ALWAYS_SEARCH_USER_PATHS = NO;
				CLANG_ANALYZER_NONNULL = YES;
				CLANG_ANALYZER_NUMBER_OBJECT_CONVERSION = YES_AGGRESSIVE;
				CLANG_CXX_LANGUAGE_STANDARD = "gnu++14";
				CLANG_CXX_LIBRARY = "libc++";
				CLANG_ENABLE_MODULES = YES;
				CLANG_ENABLE_OBJC_ARC = YES;
				CLANG_ENABLE_OBJC_WEAK = YES;
				CLANG_WARN_BLOCK_CAPTURE_AUTORELEASING = YES;
				CLANG_WARN_BOOL_CONVERSION = YES;
				CLANG_WARN_COMMA = YES;
				CLANG_WARN_CONSTANT_CONVERSION = YES;
				CLANG_WARN_DEPRECATED_OBJC_IMPLEMENTATIONS = YES;
				CLANG_WARN_DIRECT_OBJC_ISA_USAGE = YES_ERROR;
				CLANG_WARN_DOCUMENTATION_COMMENTS = YES;
				CLANG_WARN_EMPTY_BODY = YES;
				CLANG_WARN_ENUM_CONVERSION = YES;
				CLANG_WARN_INFINITE_RECURSION = YES;
				CLANG_WARN_INT_CONVERSION = YES;
				CLANG_WARN_NON_LITERAL_NULL_CONVERSION = YES;
				CLANG_WARN_OBJC_IMPLICIT_RETAIN_SELF = YES;
				CLANG_WARN_OBJC_LITERAL_CONVERSION = YES;
				CLANG_WARN_OBJC_ROOT_CLASS = YES_ERROR;
				CLANG_WARN_QUOTED_INCLUDE_IN_FRAMEWORK_HEADER = YES;
				CLANG_WARN_RANGE_LOOP_ANALYSIS = YES;
				CLANG_WARN_STRICT_PROTOTYPES = YES;
				CLANG_WARN_SUSPICIOUS_MOVE = YES;
				CLANG_WARN_UNGUARDED_AVAILABILITY = YES_AGGRESSIVE;
				CLANG_WARN_UNREACHABLE_CODE = YES;
				CLANG_WARN__DUPLICATE_METHOD_MATCH = YES;
				COPY_PHASE_STRIP = NO;
				DEBUG_INFORMATION_FORMAT = dwarf;
				ENABLE_STRICT_OBJC_MSGSEND = YES;
				ENABLE_TESTABILITY = YES;
				GCC_C_LANGUAGE_STANDARD = gnu11;
				GCC_DYNAMIC_NO_PIC = NO;
				GCC_NO_COMMON_BLOCKS = YES;
				GCC_OPTIMIZATION_LEVEL = 0;
				GCC_PREPROCESSOR_DEFINITIONS = (
					"DEBUG=1",
					"$(inherited)",
				);
				GCC_WARN_64_TO_32_BIT_CONVERSION = YES;
				GCC_WARN_ABOUT_RETURN_TYPE = YES_ERROR;
				GCC_WARN_UNDECLARED_SELECTOR = YES;
				GCC_WARN_UNINITIALIZED_AUTOS = YES_AGGRESSIVE;
				GCC_WARN_UNUSED_FUNCTION = YES;
				GCC_WARN_UNUSED_VARIABLE = YES;
				IPHONEOS_DEPLOYMENT_TARGET = 14.4;
				MTL_ENABLE_DEBUG_INFO = INCLUDE_SOURCE;
				MTL_FAST_MATH = YES;
				ONLY_ACTIVE_ARCH = YES;
				SDKROOT = iphoneos;
				SWIFT_ACTIVE_COMPILATION_CONDITIONS = DEBUG;
				SWIFT_OPTIMIZATION_LEVEL = "-Onone";
			};
			name = Debug;
		};
		342B0EC025F24C8F009EF321 /* Release */ = {
			isa = XCBuildConfiguration;
			buildSettings = {
				ALWAYS_SEARCH_USER_PATHS = NO;
				CLANG_ANALYZER_NONNULL = YES;
				CLANG_ANALYZER_NUMBER_OBJECT_CONVERSION = YES_AGGRESSIVE;
				CLANG_CXX_LANGUAGE_STANDARD = "gnu++14";
				CLANG_CXX_LIBRARY = "libc++";
				CLANG_ENABLE_MODULES = YES;
				CLANG_ENABLE_OBJC_ARC = YES;
				CLANG_ENABLE_OBJC_WEAK = YES;
				CLANG_WARN_BLOCK_CAPTURE_AUTORELEASING = YES;
				CLANG_WARN_BOOL_CONVERSION = YES;
				CLANG_WARN_COMMA = YES;
				CLANG_WARN_CONSTANT_CONVERSION = YES;
				CLANG_WARN_DEPRECATED_OBJC_IMPLEMENTATIONS = YES;
				CLANG_WARN_DIRECT_OBJC_ISA_USAGE = YES_ERROR;
				CLANG_WARN_DOCUMENTATION_COMMENTS = YES;
				CLANG_WARN_EMPTY_BODY = YES;
				CLANG_WARN_ENUM_CONVERSION = YES;
				CLANG_WARN_INFINITE_RECURSION = YES;
				CLANG_WARN_INT_CONVERSION = YES;
				CLANG_WARN_NON_LITERAL_NULL_CONVERSION = YES;
				CLANG_WARN_OBJC_IMPLICIT_RETAIN_SELF = YES;
				CLANG_WARN_OBJC_LITERAL_CONVERSION = YES;
				CLANG_WARN_OBJC_ROOT_CLASS = YES_ERROR;
				CLANG_WARN_QUOTED_INCLUDE_IN_FRAMEWORK_HEADER = YES;
				CLANG_WARN_RANGE_LOOP_ANALYSIS = YES;
				CLANG_WARN_STRICT_PROTOTYPES = YES;
				CLANG_WARN_SUSPICIOUS_MOVE = YES;
				CLANG_WARN_UNGUARDED_AVAILABILITY = YES_AGGRESSIVE;
				CLANG_WARN_UNREACHABLE_CODE = YES;
				CLANG_WARN__DUPLICATE_METHOD_MATCH = YES;
				COPY_PHASE_STRIP = NO;
				DEBUG_INFORMATION_FORMAT = "dwarf-with-dsym";
				ENABLE_NS_ASSERTIONS = NO;
				ENABLE_STRICT_OBJC_MSGSEND = YES;
				GCC_C_LANGUAGE_STANDARD = gnu11;
				GCC_NO_COMMON_BLOCKS = YES;
				GCC_WARN_64_TO_32_BIT_CONVERSION = YES;
				GCC_WARN_ABOUT_RETURN_TYPE = YES_ERROR;
				GCC_WARN_UNDECLARED_SELECTOR = YES;
				GCC_WARN_UNINITIALIZED_AUTOS = YES_AGGRESSIVE;
				GCC_WARN_UNUSED_FUNCTION = YES;
				GCC_WARN_UNUSED_VARIABLE = YES;
				IPHONEOS_DEPLOYMENT_TARGET = 14.4;
				MTL_ENABLE_DEBUG_INFO = NO;
				MTL_FAST_MATH = YES;
				SDKROOT = iphoneos;
				SWIFT_COMPILATION_MODE = wholemodule;
				SWIFT_OPTIMIZATION_LEVEL = "-O";
				VALIDATE_PRODUCT = YES;
			};
			name = Release;
		};
		342B0EC225F24C8F009EF321 /* Debug */ = {
			isa = XCBuildConfiguration;
			buildSettings = {
				ASSETCATALOG_COMPILER_APPICON_NAME = AppIcon;
				ASSETCATALOG_COMPILER_GLOBAL_ACCENT_COLOR_NAME = AccentColor;
				CODE_SIGN_STYLE = Automatic;
				INFOPLIST_FILE = pokemonHelper/Info.plist;
				LD_RUNPATH_SEARCH_PATHS = (
					"$(inherited)",
					"@executable_path/Frameworks",
				);
				PRODUCT_BUNDLE_IDENTIFIER = masieroandrey.pokemonHelper;
				PRODUCT_NAME = "$(TARGET_NAME)";
				SWIFT_VERSION = 5.0;
				TARGETED_DEVICE_FAMILY = "1,2";
			};
			name = Debug;
		};
		342B0EC325F24C8F009EF321 /* Release */ = {
			isa = XCBuildConfiguration;
			buildSettings = {
				ASSETCATALOG_COMPILER_APPICON_NAME = AppIcon;
				ASSETCATALOG_COMPILER_GLOBAL_ACCENT_COLOR_NAME = AccentColor;
				CODE_SIGN_STYLE = Automatic;
				INFOPLIST_FILE = pokemonHelper/Info.plist;
				LD_RUNPATH_SEARCH_PATHS = (
					"$(inherited)",
					"@executable_path/Frameworks",
				);
				PRODUCT_BUNDLE_IDENTIFIER = masieroandrey.pokemonHelper;
				PRODUCT_NAME = "$(TARGET_NAME)";
				SWIFT_VERSION = 5.0;
				TARGETED_DEVICE_FAMILY = "1,2";
			};
			name = Release;
		};
/* End XCBuildConfiguration section */

/* Begin XCConfigurationList section */
		342B0EA825F24C8F009EF321 /* Build configuration list for PBXProject "pokemonHelper" */ = {
			isa = XCConfigurationList;
			buildConfigurations = (
				342B0EBF25F24C8F009EF321 /* Debug */,
				342B0EC025F24C8F009EF321 /* Release */,
			);
			defaultConfigurationIsVisible = 0;
			defaultConfigurationName = Release;
		};
		342B0EC125F24C8F009EF321 /* Build configuration list for PBXNativeTarget "pokemonHelper" */ = {
			isa = XCConfigurationList;
			buildConfigurations = (
				342B0EC225F24C8F009EF321 /* Debug */,
				342B0EC325F24C8F009EF321 /* Release */,
			);
			defaultConfigurationIsVisible = 0;
			defaultConfigurationName = Release;
		};
/* End XCConfigurationList section */
	};
	rootObject = 342B0EA525F24C8F009EF321 /* Project object */;
}
